
Microsoft Visual Studio Solution File, Format Version 12.00
# Visual Studio 15
VisualStudioVersion = 15.0.28307.1082
MinimumVisualStudioVersion = 10.0.40219.1
Project("{FAE04EC0-301F-11D3-BF4B-00C04F79EFBC}") = "Bankdb", "Bankdb\Bankdb.csproj", "{C15FC802-AD62-4B1C-A770-AE2DDE510D0F}"
EndProject
Global
	GlobalSection(SolutionConfigurationPlatforms) = preSolution
		Debug|Any CPU = Debug|Any CPU
		Release|Any CPU = Release|Any CPU
	EndGlobalSection
	GlobalSection(ProjectConfigurationPlatforms) = postSolution
		{C15FC802-AD62-4B1C-A770-AE2DDE510D0F}.Debug|Any CPU.ActiveCfg = Debug|Any CPU
		{C15FC802-AD62-4B1C-A770-AE2DDE510D0F}.Debug|Any CPU.Build.0 = Debug|Any CPU
		{C15FC802-AD62-4B1C-A770-AE2DDE510D0F}.Release|Any CPU.ActiveCfg = Release|Any CPU
		{C15FC802-AD62-4B1C-A770-AE2DDE510D0F}.Release|Any CPU.Build.0 = Release|Any CPU
	EndGlobalSection
	GlobalSection(SolutionProperties) = preSolution
		HideSolutionNode = FALSE
	EndGlobalSection
	GlobalSection(ExtensibilityGlobals) = postSolution
		SolutionGuid = {AF6B5885-7A96-4B0F-81E4-930AEEA2B8AE}
	EndGlobalSection
EndGlobal
